// !$*UTF8*$!
{
	archiveVersion = 1;
	classes = {
	};
	objectVersion = 46;
	objects = {

/* Begin PBXBuildFile section */
		5B09643C2C284636003FDF15 /* CaGuideController-iOS7.m in Sources */ = {isa = PBXBuildFile; fileRef = 5B09643B2C284636003FDF15 /* CaGuideController-iOS7.m */; };
		5B0A93112B820AC7003FBE13 /* Foundation.framework in Frameworks */ = {isa = PBXBuildFile; fileRef = 5B0A93102B820AC7003FBE13 /* Foundation.framework */; };
		5B0A93132B820AC7003FBE13 /* CoreGraphics.framework in Frameworks */ = {isa = PBXBuildFile; fileRef = 5B0A93122B820AC7003FBE13 /* CoreGraphics.framework */; };
		5B0A93152B820AC7003FBE13 /* UIKit.framework in Frameworks */ = {isa = PBXBuildFile; fileRef = 5B0A93142B820AC7003FBE13 /* UIKit.framework */; };
		5B0A931B2B820AC7003FBE13 /* InfoPlist.strings in Resources */ = {isa = PBXBuildFile; fileRef = 5B0A93192B820AC7003FBE13 /* InfoPlist.strings */; };
		5B0A931D2B820AC7003FBE13 /* main.m in Sources */ = {isa = PBXBuildFile; fileRef = 5B0A931C2B820AC7003FBE13 /* main.m */; };
		5B0A93302B820AC8003FBE13 /* XCTest.framework in Frameworks */ = {isa = PBXBuildFile; fileRef = 5B0A932F2B820AC8003FBE13 /* XCTest.framework */; };
		5B0A93312B820AC8003FBE13 /* Foundation.framework in Frameworks */ = {isa = PBXBuildFile; fileRef = 5B0A93102B820AC7003FBE13 /* Foundation.framework */; };
		5B0A93322B820AC8003FBE13 /* UIKit.framework in Frameworks */ = {isa = PBXBuildFile; fileRef = 5B0A93142B820AC7003FBE13 /* UIKit.framework */; };
		5B0A933A2B820AC8003FBE13 /* InfoPlist.strings in Resources */ = {isa = PBXBuildFile; fileRef = 5B0A93382B820AC8003FBE13 /* InfoPlist.strings */; };
		5B0A933C2B820AC8003FBE13 /* CalciumTests.m in Sources */ = {isa = PBXBuildFile; fileRef = 5B0A933B2B820AC8003FBE13 /* CalciumTests.m */; };
		5B0A934A2B820B86003FBE13 /* Images.xcassets in Resources */ = {isa = PBXBuildFile; fileRef = 5B0A93472B820B86003FBE13 /* Images.xcassets */; };
		5B0A93502B820B8F003FBE13 /* AppDelegate.m in Sources */ = {isa = PBXBuildFile; fileRef = 5B0A934F2B820B8F003FBE13 /* AppDelegate.m */; };
		5B0A935D2B820C4C003FBE13 /* APLSlideMenuSegue.m in Sources */ = {isa = PBXBuildFile; fileRef = 5B0A93542B820C4C003FBE13 /* APLSlideMenuSegue.m */; };
		5B0A935E2B820C4C003FBE13 /* APLSlideMenuViewController.m in Sources */ = {isa = PBXBuildFile; fileRef = 5B0A93562B820C4C003FBE13 /* APLSlideMenuViewController.m */; };
		5B0A935F2B820C4C003FBE13 /* SVProgressHUD-15e9190d.o.tmp in Resources */ = {isa = PBXBuildFile; fileRef = 5B0A93582B820C4C003FBE13 /* SVProgressHUD-15e9190d.o.tmp */; };
		5B0A93602B820C4C003FBE13 /* SVProgressHUD.bundle in Resources */ = {isa = PBXBuildFile; fileRef = 5B0A935A2B820C4C003FBE13 /* SVProgressHUD.bundle */; };
		5B0A93612B820C4C003FBE13 /* SVProgressHUD.m in Sources */ = {isa = PBXBuildFile; fileRef = 5B0A935C2B820C4C003FBE13 /* SVProgressHUD.m */; };
		5B0A93652B820CB1003FBE13 /* CaSidebarMainViewController.m in Sources */ = {isa = PBXBuildFile; fileRef = 5B0A93642B820CB1003FBE13 /* CaSidebarMainViewController.m */; };
		5B0A93692B820D0A003FBE13 /* CaChatViewController.m in Sources */ = {isa = PBXBuildFile; fileRef = 5B0A93682B820D0A003FBE13 /* CaChatViewController.m */; };
		5B0A93822B82101D003FBE13 /* bubbleMine.png in Resources */ = {isa = PBXBuildFile; fileRef = 5B0A936C2B82101D003FBE13 /* bubbleMine.png */; };
		5B0A93832B82101D003FBE13 /* bubbleMine@2x.png in Resources */ = {isa = PBXBuildFile; fileRef = 5B0A936D2B82101D003FBE13 /* bubbleMine@2x.png */; };
		5B0A93842B82101D003FBE13 /* bubbleSomeone.png in Resources */ = {isa = PBXBuildFile; fileRef = 5B0A936E2B82101D003FBE13 /* bubbleSomeone.png */; };
		5B0A93852B82101D003FBE13 /* bubbleSomeone@2x.png in Resources */ = {isa = PBXBuildFile; fileRef = 5B0A936F2B82101D003FBE13 /* bubbleSomeone@2x.png */; };
		5B0A93862B82101D003FBE13 /* missingAvatar.png in Resources */ = {isa = PBXBuildFile; fileRef = 5B0A93702B82101D003FBE13 /* missingAvatar.png */; };
		5B0A93872B82101D003FBE13 /* missingAvatar@2x.png in Resources */ = {isa = PBXBuildFile; fileRef = 5B0A93712B82101D003FBE13 /* missingAvatar@2x.png */; };
		5B0A93882B82101D003FBE13 /* typingMine.png in Resources */ = {isa = PBXBuildFile; fileRef = 5B0A93722B82101D003FBE13 /* typingMine.png */; };
		5B0A93892B82101D003FBE13 /* typingMine@2x.png in Resources */ = {isa = PBXBuildFile; fileRef = 5B0A93732B82101D003FBE13 /* typingMine@2x.png */; };
		5B0A938A2B82101D003FBE13 /* typingSomeone.png in Resources */ = {isa = PBXBuildFile; fileRef = 5B0A93742B82101D003FBE13 /* typingSomeone.png */; };
		5B0A938B2B82101D003FBE13 /* typingSomeone@2x.png in Resources */ = {isa = PBXBuildFile; fileRef = 5B0A93752B82101D003FBE13 /* typingSomeone@2x.png */; };
		5B0A938C2B82101D003FBE13 /* NSBubbleData.m in Sources */ = {isa = PBXBuildFile; fileRef = 5B0A93772B82101D003FBE13 /* NSBubbleData.m */; };
		5B0A938D2B82101D003FBE13 /* UIBubbleHeaderTableViewCell.m in Sources */ = {isa = PBXBuildFile; fileRef = 5B0A93792B82101D003FBE13 /* UIBubbleHeaderTableViewCell.m */; };
		5B0A938E2B82101D003FBE13 /* UIBubbleTableView.m in Sources */ = {isa = PBXBuildFile; fileRef = 5B0A937B2B82101D003FBE13 /* UIBubbleTableView.m */; };
		5B0A938F2B82101D003FBE13 /* UIBubbleTableViewCell.m in Sources */ = {isa = PBXBuildFile; fileRef = 5B0A937D2B82101D003FBE13 /* UIBubbleTableViewCell.m */; };
		5B0A93902B82101D003FBE13 /* UIBubbleTypingTableViewCell.m in Sources */ = {isa = PBXBuildFile; fileRef = 5B0A93812B82101D003FBE13 /* UIBubbleTypingTableViewCell.m */; };
		5B26964F2BC84F28000FA95F /* flatGear.png in Resources */ = {isa = PBXBuildFile; fileRef = 5B26964E2BC84F28000FA95F /* flatGear.png */; };
		5B2696522BC85C7B000FA95F /* flatContact.png in Resources */ = {isa = PBXBuildFile; fileRef = 5B2696502BC85C7B000FA95F /* flatContact.png */; };
		5B2696532BC85C7B000FA95F /* flatGuide.png in Resources */ = {isa = PBXBuildFile; fileRef = 5B2696512BC85C7B000FA95F /* flatGuide.png */; };
		5B27950B2C1258B00094DFD9 /* BarButton.png in Resources */ = {isa = PBXBuildFile; fileRef = 5B2795072C1258AF0094DFD9 /* BarButton.png */; };
		5B27950C2C1258B00094DFD9 /* BarButton@2x.png in Resources */ = {isa = PBXBuildFile; fileRef = 5B2795082C1258AF0094DFD9 /* BarButton@2x.png */; };
		5B27950D2C1258B00094DFD9 /* BarButtonPressed.png in Resources */ = {isa = PBXBuildFile; fileRef = 5B2795092C1258AF0094DFD9 /* BarButtonPressed.png */; };
		5B27950E2C1258B00094DFD9 /* BarButtonPressed@2x.png in Resources */ = {isa = PBXBuildFile; fileRef = 5B27950A2C1258AF0094DFD9 /* BarButtonPressed@2x.png */; };
		5B28205B2BEA51670054D998 /* BButton.m in Sources */ = {isa = PBXBuildFile; fileRef = 5B2820542BEA51670054D998 /* BButton.m */; };
		5B28205C2BEA51670054D998 /* NSString+FontAwesome.m in Sources */ = {isa = PBXBuildFile; fileRef = 5B2820562BEA51670054D998 /* NSString+FontAwesome.m */; };
		5B28205D2BEA51670054D998 /* FontAwesome.ttf in Resources */ = {isa = PBXBuildFile; fileRef = 5B2820582BEA51670054D998 /* FontAwesome.ttf */; };
		5B28205E2BEA51670054D998 /* UIColor+BButton.m in Sources */ = {isa = PBXBuildFile; fileRef = 5B28205A2BEA51670054D998 /* UIColor+BButton.m */; };
		5B2820632BEA56F80054D998 /* UITitleBarBG.png in Resources */ = {isa = PBXBuildFile; fileRef = 5B2820622BEA56F80054D998 /* UITitleBarBG.png */; };
		5B2820662BEA57A10054D998 /* DarkUITitleBarBG.png in Resources */ = {isa = PBXBuildFile; fileRef = 5B2820642BEA57A10054D998 /* DarkUITitleBarBG.png */; };
		5B2820672BEA57A10054D998 /* DarkUITitleBarBG@2x.png in Resources */ = {isa = PBXBuildFile; fileRef = 5B2820652BEA57A10054D998 /* DarkUITitleBarBG@2x.png */; };
		5B28206A2BEA59B30054D998 /* BagBaseplate.png in Resources */ = {isa = PBXBuildFile; fileRef = 5B2820682BEA59B30054D998 /* BagBaseplate.png */; };
		5B28206B2BEA59B30054D998 /* ElectiBaseplate.png in Resources */ = {isa = PBXBuildFile; fileRef = 5B2820692BEA59B30054D998 /* ElectiBaseplate.png */; };
		5B64B9ED2BE923D200AA4799 /* TrashButton.png in Resources */ = {isa = PBXBuildFile; fileRef = 5B64B9EC2BE923D200AA4799 /* TrashButton.png */; };
		5B64B9F72BE9281500AA4799 /* CaWelcomeViewController.m in Sources */ = {isa = PBXBuildFile; fileRef = 5B64B9F32BE9281500AA4799 /* CaWelcomeViewController.m */; };
		5B64B9F82BE9281500AA4799 /* CaWelcomeViewController-iOS7.m in Sources */ = {isa = PBXBuildFile; fileRef = 5B64B9F62BE9281500AA4799 /* CaWelcomeViewController-iOS7.m */; };
		5B64BA002BE9281A00AA4799 /* CaAboutPageController.m in Sources */ = {isa = PBXBuildFile; fileRef = 5B64B9FC2BE9281A00AA4799 /* CaAboutPageController.m */; };
		5B64BA012BE9281A00AA4799 /* CaAboutPageController-iOS7.m in Sources */ = {isa = PBXBuildFile; fileRef = 5B64B9FF2BE9281A00AA4799 /* CaAboutPageController-iOS7.m */; };
		5B64BA062BE9283A00AA4799 /* CaRequestFactory.m in Sources */ = {isa = PBXBuildFile; fileRef = 5B64BA052BE9283A00AA4799 /* CaRequestFactory.m */; };
		5B64BA0B2BE928B300AA4799 /* CaGuideController.m in Sources */ = {isa = PBXBuildFile; fileRef = 5B64BA0A2BE928B300AA4799 /* CaGuideController.m */; };
		5B68AEF82BEA9D7A0068E7E8 /* Base64.m in Sources */ = {isa = PBXBuildFile; fileRef = 5B68AEF72BEA9D7A0068E7E8 /* Base64.m */; };
		5B68AEFC2BEA9D8A0068E7E8 /* UIImage+Utils.m in Sources */ = {isa = PBXBuildFile; fileRef = 5B68AEFB2BEA9D8A0068E7E8 /* UIImage+Utils.m */; };
		5B68CB532B822835000A42AC /* Settings.bundle in Resources */ = {isa = PBXBuildFile; fileRef = 5B68CB522B822835000A42AC /* Settings.bundle */; };
		5B6C5F3A2BC07CD700311C0D /* LCellBG@2x.png in Resources */ = {isa = PBXBuildFile; fileRef = 5B6C5F1E2BC07CD700311C0D /* LCellBG@2x.png */; };
		5B6C5F3B2BC07CD700311C0D /* AboutTableBG.png in Resources */ = {isa = PBXBuildFile; fileRef = 5B6C5F202BC07CD700311C0D /* AboutTableBG.png */; };
		5B6C5F3C2BC07CD700311C0D /* AboutTableBG@2x.png in Resources */ = {isa = PBXBuildFile; fileRef = 5B6C5F212BC07CD700311C0D /* AboutTableBG@2x.png */; };
		5B6C5F3D2BC07CD700311C0D /* AboutTableBG@R4.png in Resources */ = {isa = PBXBuildFile; fileRef = 5B6C5F222BC07CD700311C0D /* AboutTableBG@R4.png */; };
		5B6C5F3E2BC07CD700311C0D /* hamburger.png in Resources */ = {isa = PBXBuildFile; fileRef = 5B6C5F242BC07CD700311C0D /* hamburger.png */; };
		5B6C5F3F2BC07CD700311C0D /* hamburger@2x.png in Resources */ = {isa = PBXBuildFile; fileRef = 5B6C5F252BC07CD700311C0D /* hamburger@2x.png */; };
		5B6C5F402BC07CD700311C0D /* PictureModeGlyph.png in Resources */ = {isa = PBXBuildFile; fileRef = 5B6C5F262BC07CD700311C0D /* PictureModeGlyph.png */; };
		5B6C5F412BC07CD700311C0D /* PictureModeGlyph@2x.png in Resources */ = {isa = PBXBuildFile; fileRef = 5B6C5F272BC07CD700311C0D /* PictureModeGlyph@2x.png */; };
		5B6C5F422BC07CD700311C0D /* Send.png in Resources */ = {isa = PBXBuildFile; fileRef = 5B6C5F282BC07CD700311C0D /* Send.png */; };
		5B6C5F432BC07CD700311C0D /* Send@2x.png in Resources */ = {isa = PBXBuildFile; fileRef = 5B6C5F292BC07CD700311C0D /* Send@2x.png */; };
		5B6C5F442BC07CD700311C0D /* GuideButton.png in Resources */ = {isa = PBXBuildFile; fileRef = 5B6C5F2B2BC07CD700311C0D /* GuideButton.png */; };
		5B6C5F452BC07CD700311C0D /* HelpButton.png in Resources */ = {isa = PBXBuildFile; fileRef = 5B6C5F2C2BC07CD700311C0D /* HelpButton.png */; };
		5B6C5F472BC07CD700311C0D /* PHPref.png in Resources */ = {isa = PBXBuildFile; fileRef = 5B6C5F2E2BC07CD700311C0D /* PHPref.png */; };
		5B6C5F482BC07CD700311C0D /* SidebarTopLeader.png in Resources */ = {isa = PBXBuildFile; fileRef = 5B6C5F2F2BC07CD700311C0D /* SidebarTopLeader.png */; };
		5B6C5F492BC07CD700311C0D /* SidebarTopLeader@2x.png in Resources */ = {isa = PBXBuildFile; fileRef = 5B6C5F302BC07CD700311C0D /* SidebarTopLeader@2x.png */; };
		5B6C5F4B2BC07CD700311C0D /* UITitlebarBG@2x.png in Resources */ = {isa = PBXBuildFile; fileRef = 5B6C5F332BC07CD700311C0D /* UITitlebarBG@2x.png */; };
		5B6C5F4C2BC07CD700311C0D /* UIToolbarBG.png in Resources */ = {isa = PBXBuildFile; fileRef = 5B6C5F352BC07CD700311C0D /* UIToolbarBG.png */; };
		5B6C5F4D2BC07CD700311C0D /* UIToolbarBG@2x.png in Resources */ = {isa = PBXBuildFile; fileRef = 5B6C5F362BC07CD700311C0D /* UIToolbarBG@2x.png */; };
		5B6C5F4F2BC07CD700311C0D /* WelcomeBanner-iOS7.png in Resources */ = {isa = PBXBuildFile; fileRef = 5B6C5F392BC07CD700311C0D /* WelcomeBanner-iOS7.png */; };
		5B6C5F582BC07E7A00311C0D /* DarkUITitleBarBG.png in Resources */ = {isa = PBXBuildFile; fileRef = 5B6C5F562BC07E7A00311C0D /* DarkUITitleBarBG.png */; };
		5B6C5F592BC07E7A00311C0D /* DarkUITitleBarBG@2x.png in Resources */ = {isa = PBXBuildFile; fileRef = 5B6C5F572BC07E7A00311C0D /* DarkUITitleBarBG@2x.png */; };
		5B80C0E32C1753D6007DAFA8 /* WelcomeBanner-iOS5-6.png in Resources */ = {isa = PBXBuildFile; fileRef = 5B80C0E22C1753D6007DAFA8 /* WelcomeBanner-iOS5-6.png */; };
		5BBF067F2BC81138004C0FF1 /* SidebarTopLeaderFlat.png in Resources */ = {isa = PBXBuildFile; fileRef = 5BBF067D2BC81138004C0FF1 /* SidebarTopLeaderFlat.png */; };
		5BBF06802BC81138004C0FF1 /* SidebarTopLeaderFlat@2x.png in Resources */ = {isa = PBXBuildFile; fileRef = 5BBF067E2BC81138004C0FF1 /* SidebarTopLeaderFlat@2x.png */; };
		5BE551642BC0757B00BD0F70 /* Main.storyboard in Resources */ = {isa = PBXBuildFile; fileRef = 5BE551632BC0757B00BD0F70 /* Main.storyboard */; };
		5BFEABB12B823AC200032F34 /* TRMalleableFrameView.m in Sources */ = {isa = PBXBuildFile; fileRef = 5BFEABB02B823AC200032F34 /* TRMalleableFrameView.m */; };
/* End PBXBuildFile section */

/* Begin PBXContainerItemProxy section */
		5B0A93332B820AC8003FBE13 /* PBXContainerItemProxy */ = {
			isa = PBXContainerItemProxy;
			containerPortal = 5B0A93052B820AC7003FBE13 /* Project object */;
			proxyType = 1;
			remoteGlobalIDString = 5B0A930C2B820AC7003FBE13;
			remoteInfo = Calcium;
		};
/* End PBXContainerItemProxy section */

/* Begin PBXFileReference section */
		5B09643A2C284636003FDF15 /* CaGuideController-iOS7.h */ = {isa = PBXFileReference; fileEncoding = 4; lastKnownFileType = sourcecode.c.h; name = "CaGuideController-iOS7.h"; path = "Calcium/Classes/Unimportant Structures/Guide/iOS 7/CaGuideController-iOS7.h"; sourceTree = SOURCE_ROOT; };
		5B09643B2C284636003FDF15 /* CaGuideController-iOS7.m */ = {isa = PBXFileReference; fileEncoding = 4; lastKnownFileType = sourcecode.c.objc; name = "CaGuideController-iOS7.m"; path = "Calcium/Classes/Unimportant Structures/Guide/iOS 7/CaGuideController-iOS7.m"; sourceTree = SOURCE_ROOT; };
		5B0A930D2B820AC7003FBE13 /* Calcium.app */ = {isa = PBXFileReference; explicitFileType = wrapper.application; includeInIndex = 0; path = Calcium.app; sourceTree = BUILT_PRODUCTS_DIR; };
		5B0A93102B820AC7003FBE13 /* Foundation.framework */ = {isa = PBXFileReference; lastKnownFileType = wrapper.framework; name = Foundation.framework; path = System/Library/Frameworks/Foundation.framework; sourceTree = SDKROOT; };
		5B0A93122B820AC7003FBE13 /* CoreGraphics.framework */ = {isa = PBXFileReference; lastKnownFileType = wrapper.framework; name = CoreGraphics.framework; path = System/Library/Frameworks/CoreGraphics.framework; sourceTree = SDKROOT; };
		5B0A93142B820AC7003FBE13 /* UIKit.framework */ = {isa = PBXFileReference; lastKnownFileType = wrapper.framework; name = UIKit.framework; path = System/Library/Frameworks/UIKit.framework; sourceTree = SDKROOT; };
		5B0A93182B820AC7003FBE13 /* Calcium-Info.plist */ = {isa = PBXFileReference; lastKnownFileType = text.plist.xml; path = "Calcium-Info.plist"; sourceTree = "<group>"; };
		5B0A931A2B820AC7003FBE13 /* en */ = {isa = PBXFileReference; lastKnownFileType = text.plist.strings; name = en; path = en.lproj/InfoPlist.strings; sourceTree = "<group>"; };
		5B0A931C2B820AC7003FBE13 /* main.m */ = {isa = PBXFileReference; lastKnownFileType = sourcecode.c.objc; path = main.m; sourceTree = "<group>"; };
		5B0A931E2B820AC7003FBE13 /* Calcium-Prefix.pch */ = {isa = PBXFileReference; lastKnownFileType = sourcecode.c.h; path = "Calcium-Prefix.pch"; sourceTree = "<group>"; };
		5B0A932E2B820AC8003FBE13 /* CalciumTests.xctest */ = {isa = PBXFileReference; explicitFileType = wrapper.cfbundle; includeInIndex = 0; path = CalciumTests.xctest; sourceTree = BUILT_PRODUCTS_DIR; };
		5B0A932F2B820AC8003FBE13 /* XCTest.framework */ = {isa = PBXFileReference; lastKnownFileType = wrapper.framework; name = XCTest.framework; path = Library/Frameworks/XCTest.framework; sourceTree = DEVELOPER_DIR; };
		5B0A93372B820AC8003FBE13 /* CalciumTests-Info.plist */ = {isa = PBXFileReference; lastKnownFileType = text.plist.xml; path = "CalciumTests-Info.plist"; sourceTree = "<group>"; };
		5B0A93392B820AC8003FBE13 /* en */ = {isa = PBXFileReference; lastKnownFileType = text.plist.strings; name = en; path = en.lproj/InfoPlist.strings; sourceTree = "<group>"; };
		5B0A933B2B820AC8003FBE13 /* CalciumTests.m */ = {isa = PBXFileReference; lastKnownFileType = sourcecode.c.objc; path = CalciumTests.m; sourceTree = "<group>"; };
		5B0A93472B820B86003FBE13 /* Images.xcassets */ = {isa = PBXFileReference; lastKnownFileType = folder.assetcatalog; path = Images.xcassets; sourceTree = "<group>"; };
		5B0A934E2B820B8F003FBE13 /* AppDelegate.h */ = {isa = PBXFileReference; fileEncoding = 4; lastKnownFileType = sourcecode.c.h; path = AppDelegate.h; sourceTree = "<group>"; };
		5B0A934F2B820B8F003FBE13 /* AppDelegate.m */ = {isa = PBXFileReference; fileEncoding = 4; lastKnownFileType = sourcecode.c.objc; path = AppDelegate.m; sourceTree = "<group>"; };
		5B0A93532B820C4C003FBE13 /* APLSlideMenuSegue.h */ = {isa = PBXFileReference; fileEncoding = 4; lastKnownFileType = sourcecode.c.h; path = APLSlideMenuSegue.h; sourceTree = "<group>"; };
		5B0A93542B820C4C003FBE13 /* APLSlideMenuSegue.m */ = {isa = PBXFileReference; fileEncoding = 4; lastKnownFileType = sourcecode.c.objc; path = APLSlideMenuSegue.m; sourceTree = "<group>"; };
		5B0A93552B820C4C003FBE13 /* APLSlideMenuViewController.h */ = {isa = PBXFileReference; fileEncoding = 4; lastKnownFileType = sourcecode.c.h; path = APLSlideMenuViewController.h; sourceTree = "<group>"; };
		5B0A93562B820C4C003FBE13 /* APLSlideMenuViewController.m */ = {isa = PBXFileReference; fileEncoding = 4; lastKnownFileType = sourcecode.c.objc; path = APLSlideMenuViewController.m; sourceTree = "<group>"; };
		5B0A93582B820C4C003FBE13 /* SVProgressHUD-15e9190d.o.tmp */ = {isa = PBXFileReference; fileEncoding = 4; lastKnownFileType = text; path = "SVProgressHUD-15e9190d.o.tmp"; sourceTree = "<group>"; };
		5B0A93592B820C4C003FBE13 /* SVProgressHUD-Prefix.pch */ = {isa = PBXFileReference; fileEncoding = 4; lastKnownFileType = sourcecode.c.h; path = "SVProgressHUD-Prefix.pch"; sourceTree = "<group>"; };
		5B0A935A2B820C4C003FBE13 /* SVProgressHUD.bundle */ = {isa = PBXFileReference; lastKnownFileType = "wrapper.plug-in"; name = SVProgressHUD.bundle; path = ../../Libraries/SVProgressHUD/SVProgressHUD.bundle; sourceTree = "<group>"; };
		5B0A935B2B820C4C003FBE13 /* SVProgressHUD.h */ = {isa = PBXFileReference; fileEncoding = 4; lastKnownFileType = sourcecode.c.h; path = SVProgressHUD.h; sourceTree = "<group>"; };
		5B0A935C2B820C4C003FBE13 /* SVProgressHUD.m */ = {isa = PBXFileReference; fileEncoding = 4; lastKnownFileType = sourcecode.c.objc; path = SVProgressHUD.m; sourceTree = "<group>"; };
		5B0A93632B820CB1003FBE13 /* CaSidebarMainViewController.h */ = {isa = PBXFileReference; fileEncoding = 4; lastKnownFileType = sourcecode.c.h; path = CaSidebarMainViewController.h; sourceTree = "<group>"; };
		5B0A93642B820CB1003FBE13 /* CaSidebarMainViewController.m */ = {isa = PBXFileReference; fileEncoding = 4; lastKnownFileType = sourcecode.c.objc; path = CaSidebarMainViewController.m; sourceTree = "<group>"; wrapsLines = 1; };
		5B0A93672B820D0A003FBE13 /* CaChatViewController.h */ = {isa = PBXFileReference; fileEncoding = 4; lastKnownFileType = sourcecode.c.h; path = CaChatViewController.h; sourceTree = "<group>"; };
		5B0A93682B820D0A003FBE13 /* CaChatViewController.m */ = {isa = PBXFileReference; fileEncoding = 4; lastKnownFileType = sourcecode.c.objc; path = CaChatViewController.m; sourceTree = "<group>"; };
		5B0A936C2B82101D003FBE13 /* bubbleMine.png */ = {isa = PBXFileReference; lastKnownFileType = image.png; path = bubbleMine.png; sourceTree = "<group>"; };
		5B0A936D2B82101D003FBE13 /* bubbleMine@2x.png */ = {isa = PBXFileReference; lastKnownFileType = image.png; path = "bubbleMine@2x.png"; sourceTree = "<group>"; };
		5B0A936E2B82101D003FBE13 /* bubbleSomeone.png */ = {isa = PBXFileReference; lastKnownFileType = image.png; path = bubbleSomeone.png; sourceTree = "<group>"; };
		5B0A936F2B82101D003FBE13 /* bubbleSomeone@2x.png */ = {isa = PBXFileReference; lastKnownFileType = image.png; path = "bubbleSomeone@2x.png"; sourceTree = "<group>"; };
		5B0A93702B82101D003FBE13 /* missingAvatar.png */ = {isa = PBXFileReference; lastKnownFileType = image.png; path = missingAvatar.png; sourceTree = "<group>"; };
		5B0A93712B82101D003FBE13 /* missingAvatar@2x.png */ = {isa = PBXFileReference; lastKnownFileType = image.png; path = "missingAvatar@2x.png"; sourceTree = "<group>"; };
		5B0A93722B82101D003FBE13 /* typingMine.png */ = {isa = PBXFileReference; lastKnownFileType = image.png; path = typingMine.png; sourceTree = "<group>"; };
		5B0A93732B82101D003FBE13 /* typingMine@2x.png */ = {isa = PBXFileReference; lastKnownFileType = image.png; path = "typingMine@2x.png"; sourceTree = "<group>"; };
		5B0A93742B82101D003FBE13 /* typingSomeone.png */ = {isa = PBXFileReference; lastKnownFileType = image.png; path = typingSomeone.png; sourceTree = "<group>"; };
		5B0A93752B82101D003FBE13 /* typingSomeone@2x.png */ = {isa = PBXFileReference; lastKnownFileType = image.png; path = "typingSomeone@2x.png"; sourceTree = "<group>"; };
		5B0A93762B82101D003FBE13 /* NSBubbleData.h */ = {isa = PBXFileReference; fileEncoding = 4; lastKnownFileType = sourcecode.c.h; path = NSBubbleData.h; sourceTree = "<group>"; };
		5B0A93772B82101D003FBE13 /* NSBubbleData.m */ = {isa = PBXFileReference; fileEncoding = 4; lastKnownFileType = sourcecode.c.objc; path = NSBubbleData.m; sourceTree = "<group>"; };
		5B0A93782B82101D003FBE13 /* UIBubbleHeaderTableViewCell.h */ = {isa = PBXFileReference; fileEncoding = 4; lastKnownFileType = sourcecode.c.h; path = UIBubbleHeaderTableViewCell.h; sourceTree = "<group>"; };
		5B0A93792B82101D003FBE13 /* UIBubbleHeaderTableViewCell.m */ = {isa = PBXFileReference; fileEncoding = 4; lastKnownFileType = sourcecode.c.objc; path = UIBubbleHeaderTableViewCell.m; sourceTree = "<group>"; };
		5B0A937A2B82101D003FBE13 /* UIBubbleTableView.h */ = {isa = PBXFileReference; fileEncoding = 4; lastKnownFileType = sourcecode.c.h; path = UIBubbleTableView.h; sourceTree = "<group>"; };
		5B0A937B2B82101D003FBE13 /* UIBubbleTableView.m */ = {isa = PBXFileReference; fileEncoding = 4; lastKnownFileType = sourcecode.c.objc; path = UIBubbleTableView.m; sourceTree = "<group>"; };
		5B0A937C2B82101D003FBE13 /* UIBubbleTableViewCell.h */ = {isa = PBXFileReference; fileEncoding = 4; lastKnownFileType = sourcecode.c.h; path = UIBubbleTableViewCell.h; sourceTree = "<group>"; };
		5B0A937D2B82101D003FBE13 /* UIBubbleTableViewCell.m */ = {isa = PBXFileReference; fileEncoding = 4; lastKnownFileType = sourcecode.c.objc; path = UIBubbleTableViewCell.m; sourceTree = "<group>"; };
		5B0A937E2B82101D003FBE13 /* UIBubbleTableViewDataSource.h */ = {isa = PBXFileReference; fileEncoding = 4; lastKnownFileType = sourcecode.c.h; path = UIBubbleTableViewDataSource.h; sourceTree = "<group>"; };
		5B0A93802B82101D003FBE13 /* UIBubbleTypingTableViewCell.h */ = {isa = PBXFileReference; fileEncoding = 4; lastKnownFileType = sourcecode.c.h; path = UIBubbleTypingTableViewCell.h; sourceTree = "<group>"; };
		5B0A93812B82101D003FBE13 /* UIBubbleTypingTableViewCell.m */ = {isa = PBXFileReference; fileEncoding = 4; lastKnownFileType = sourcecode.c.objc; path = UIBubbleTypingTableViewCell.m; sourceTree = "<group>"; };
		5B1D4A362BC06DC00066E92D /* de */ = {isa = PBXFileReference; lastKnownFileType = text.plist.strings; name = de; path = de.lproj/InfoPlist.strings; sourceTree = "<group>"; };
		5B1D4A372BC06DC00066E92D /* de */ = {isa = PBXFileReference; lastKnownFileType = text.plist.strings; name = de; path = de.lproj/InfoPlist.strings; sourceTree = "<group>"; };
		5B26964E2BC84F28000FA95F /* flatGear.png */ = {isa = PBXFileReference; lastKnownFileType = image.png; path = flatGear.png; sourceTree = "<group>"; };
		5B2696502BC85C7B000FA95F /* flatContact.png */ = {isa = PBXFileReference; lastKnownFileType = image.png; path = flatContact.png; sourceTree = "<group>"; };
		5B2696512BC85C7B000FA95F /* flatGuide.png */ = {isa = PBXFileReference; lastKnownFileType = image.png; path = flatGuide.png; sourceTree = "<group>"; };
		5B2795072C1258AF0094DFD9 /* BarButton.png */ = {isa = PBXFileReference; lastKnownFileType = image.png; path = BarButton.png; sourceTree = "<group>"; };
		5B2795082C1258AF0094DFD9 /* BarButton@2x.png */ = {isa = PBXFileReference; lastKnownFileType = image.png; path = "BarButton@2x.png"; sourceTree = "<group>"; };
		5B2795092C1258AF0094DFD9 /* BarButtonPressed.png */ = {isa = PBXFileReference; lastKnownFileType = image.png; path = BarButtonPressed.png; sourceTree = "<group>"; };
		5B27950A2C1258AF0094DFD9 /* BarButtonPressed@2x.png */ = {isa = PBXFileReference; lastKnownFileType = image.png; path = "BarButtonPressed@2x.png"; sourceTree = "<group>"; };
		5B2820532BEA51670054D998 /* BButton.h */ = {isa = PBXFileReference; fileEncoding = 4; lastKnownFileType = sourcecode.c.h; path = BButton.h; sourceTree = "<group>"; };
		5B2820542BEA51670054D998 /* BButton.m */ = {isa = PBXFileReference; fileEncoding = 4; lastKnownFileType = sourcecode.c.objc; path = BButton.m; sourceTree = "<group>"; };
		5B2820552BEA51670054D998 /* NSString+FontAwesome.h */ = {isa = PBXFileReference; fileEncoding = 4; lastKnownFileType = sourcecode.c.h; path = "NSString+FontAwesome.h"; sourceTree = "<group>"; };
		5B2820562BEA51670054D998 /* NSString+FontAwesome.m */ = {isa = PBXFileReference; fileEncoding = 4; lastKnownFileType = sourcecode.c.objc; path = "NSString+FontAwesome.m"; sourceTree = "<group>"; };
		5B2820582BEA51670054D998 /* FontAwesome.ttf */ = {isa = PBXFileReference; lastKnownFileType = file; path = FontAwesome.ttf; sourceTree = "<group>"; };
		5B2820592BEA51670054D998 /* UIColor+BButton.h */ = {isa = PBXFileReference; fileEncoding = 4; lastKnownFileType = sourcecode.c.h; path = "UIColor+BButton.h"; sourceTree = "<group>"; };
		5B28205A2BEA51670054D998 /* UIColor+BButton.m */ = {isa = PBXFileReference; fileEncoding = 4; lastKnownFileType = sourcecode.c.objc; path = "UIColor+BButton.m"; sourceTree = "<group>"; };
		5B2820622BEA56F80054D998 /* UITitleBarBG.png */ = {isa = PBXFileReference; lastKnownFileType = image.png; path = UITitleBarBG.png; sourceTree = "<group>"; };
		5B2820642BEA57A10054D998 /* DarkUITitleBarBG.png */ = {isa = PBXFileReference; lastKnownFileType = image.png; path = DarkUITitleBarBG.png; sourceTree = "<group>"; };
		5B2820652BEA57A10054D998 /* DarkUITitleBarBG@2x.png */ = {isa = PBXFileReference; lastKnownFileType = image.png; path = "DarkUITitleBarBG@2x.png"; sourceTree = "<group>"; };
		5B2820682BEA59B30054D998 /* BagBaseplate.png */ = {isa = PBXFileReference; lastKnownFileType = image.png; path = BagBaseplate.png; sourceTree = "<group>"; };
		5B2820692BEA59B30054D998 /* ElectiBaseplate.png */ = {isa = PBXFileReference; lastKnownFileType = image.png; path = ElectiBaseplate.png; sourceTree = "<group>"; };
		5B64B9EC2BE923D200AA4799 /* TrashButton.png */ = {isa = PBXFileReference; lastKnownFileType = image.png; path = TrashButton.png; sourceTree = "<group>"; };
		5B64B9F22BE9281500AA4799 /* CaWelcomeViewController.h */ = {isa = PBXFileReference; fileEncoding = 4; lastKnownFileType = sourcecode.c.h; path = CaWelcomeViewController.h; sourceTree = "<group>"; };
		5B64B9F32BE9281500AA4799 /* CaWelcomeViewController.m */ = {isa = PBXFileReference; fileEncoding = 4; lastKnownFileType = sourcecode.c.objc; path = CaWelcomeViewController.m; sourceTree = "<group>"; };
		5B64B9F52BE9281500AA4799 /* CaWelcomeViewController-iOS7.h */ = {isa = PBXFileReference; fileEncoding = 4; lastKnownFileType = sourcecode.c.h; path = "CaWelcomeViewController-iOS7.h"; sourceTree = "<group>"; };
		5B64B9F62BE9281500AA4799 /* CaWelcomeViewController-iOS7.m */ = {isa = PBXFileReference; fileEncoding = 4; lastKnownFileType = sourcecode.c.objc; path = "CaWelcomeViewController-iOS7.m"; sourceTree = "<group>"; };
		5B64B9FB2BE9281A00AA4799 /* CaAboutPageController.h */ = {isa = PBXFileReference; fileEncoding = 4; lastKnownFileType = sourcecode.c.h; path = CaAboutPageController.h; sourceTree = "<group>"; };
		5B64B9FC2BE9281A00AA4799 /* CaAboutPageController.m */ = {isa = PBXFileReference; fileEncoding = 4; lastKnownFileType = sourcecode.c.objc; path = CaAboutPageController.m; sourceTree = "<group>"; };
		5B64B9FE2BE9281A00AA4799 /* CaAboutPageController-iOS7.h */ = {isa = PBXFileReference; fileEncoding = 4; lastKnownFileType = sourcecode.c.h; path = "CaAboutPageController-iOS7.h"; sourceTree = "<group>"; };
		5B64B9FF2BE9281A00AA4799 /* CaAboutPageController-iOS7.m */ = {isa = PBXFileReference; fileEncoding = 4; lastKnownFileType = sourcecode.c.objc; path = "CaAboutPageController-iOS7.m"; sourceTree = "<group>"; };
		5B64BA042BE9283A00AA4799 /* CaRequestFactory.h */ = {isa = PBXFileReference; fileEncoding = 4; lastKnownFileType = sourcecode.c.h; path = CaRequestFactory.h; sourceTree = "<group>"; };
		5B64BA052BE9283A00AA4799 /* CaRequestFactory.m */ = {isa = PBXFileReference; fileEncoding = 4; lastKnownFileType = sourcecode.c.objc; path = CaRequestFactory.m; sourceTree = "<group>"; };
		5B64BA092BE928B300AA4799 /* CaGuideController.h */ = {isa = PBXFileReference; fileEncoding = 4; lastKnownFileType = sourcecode.c.h; path = CaGuideController.h; sourceTree = "<group>"; };
		5B64BA0A2BE928B300AA4799 /* CaGuideController.m */ = {isa = PBXFileReference; fileEncoding = 4; lastKnownFileType = sourcecode.c.objc; path = CaGuideController.m; sourceTree = "<group>"; };
		5B68AEF62BEA9D7A0068E7E8 /* Base64.h */ = {isa = PBXFileReference; fileEncoding = 4; lastKnownFileType = sourcecode.c.h; path = Base64.h; sourceTree = "<group>"; };
		5B68AEF72BEA9D7A0068E7E8 /* Base64.m */ = {isa = PBXFileReference; fileEncoding = 4; lastKnownFileType = sourcecode.c.objc; path = Base64.m; sourceTree = "<group>"; };
		5B68AEFA2BEA9D8A0068E7E8 /* UIImage+Utils.h */ = {isa = PBXFileReference; fileEncoding = 4; lastKnownFileType = sourcecode.c.h; path = "UIImage+Utils.h"; sourceTree = "<group>"; };
		5B68AEFB2BEA9D8A0068E7E8 /* UIImage+Utils.m */ = {isa = PBXFileReference; fileEncoding = 4; lastKnownFileType = sourcecode.c.objc; path = "UIImage+Utils.m"; sourceTree = "<group>"; };
		5B68CB522B822835000A42AC /* Settings.bundle */ = {isa = PBXFileReference; lastKnownFileType = "wrapper.plug-in"; path = Settings.bundle; sourceTree = "<group>"; };
		5B6C5F1E2BC07CD700311C0D /* LCellBG@2x.png */ = {isa = PBXFileReference; lastKnownFileType = image.png; path = "LCellBG@2x.png"; sourceTree = "<group>"; };
		5B6C5F202BC07CD700311C0D /* AboutTableBG.png */ = {isa = PBXFileReference; lastKnownFileType = image.png; path = AboutTableBG.png; sourceTree = "<group>"; };
		5B6C5F212BC07CD700311C0D /* AboutTableBG@2x.png */ = {isa = PBXFileReference; lastKnownFileType = image.png; path = "AboutTableBG@2x.png"; sourceTree = "<group>"; };
		5B6C5F222BC07CD700311C0D /* AboutTableBG@R4.png */ = {isa = PBXFileReference; lastKnownFileType = image.png; path = "AboutTableBG@R4.png"; sourceTree = "<group>"; };
		5B6C5F242BC07CD700311C0D /* hamburger.png */ = {isa = PBXFileReference; lastKnownFileType = image.png; path = hamburger.png; sourceTree = "<group>"; };
		5B6C5F252BC07CD700311C0D /* hamburger@2x.png */ = {isa = PBXFileReference; lastKnownFileType = image.png; name = "hamburger@2x.png"; path = "../BarButton Images/hamburger@2x.png"; sourceTree = "<group>"; };
		5B6C5F262BC07CD700311C0D /* PictureModeGlyph.png */ = {isa = PBXFileReference; lastKnownFileType = image.png; path = PictureModeGlyph.png; sourceTree = "<group>"; };
		5B6C5F272BC07CD700311C0D /* PictureModeGlyph@2x.png */ = {isa = PBXFileReference; lastKnownFileType = image.png; path = "PictureModeGlyph@2x.png"; sourceTree = "<group>"; };
		5B6C5F282BC07CD700311C0D /* Send.png */ = {isa = PBXFileReference; lastKnownFileType = image.png; path = Send.png; sourceTree = "<group>"; };
		5B6C5F292BC07CD700311C0D /* Send@2x.png */ = {isa = PBXFileReference; lastKnownFileType = image.png; path = "Send@2x.png"; sourceTree = "<group>"; };
		5B6C5F2B2BC07CD700311C0D /* GuideButton.png */ = {isa = PBXFileReference; lastKnownFileType = image.png; path = GuideButton.png; sourceTree = "<group>"; };
		5B6C5F2C2BC07CD700311C0D /* HelpButton.png */ = {isa = PBXFileReference; lastKnownFileType = image.png; path = HelpButton.png; sourceTree = "<group>"; };
		5B6C5F2E2BC07CD700311C0D /* PHPref.png */ = {isa = PBXFileReference; lastKnownFileType = image.png; path = PHPref.png; sourceTree = "<group>"; };
		5B6C5F2F2BC07CD700311C0D /* SidebarTopLeader.png */ = {isa = PBXFileReference; lastKnownFileType = image.png; path = SidebarTopLeader.png; sourceTree = "<group>"; };
		5B6C5F302BC07CD700311C0D /* SidebarTopLeader@2x.png */ = {isa = PBXFileReference; lastKnownFileType = image.png; path = "SidebarTopLeader@2x.png"; sourceTree = "<group>"; };
		5B6C5F332BC07CD700311C0D /* UITitlebarBG@2x.png */ = {isa = PBXFileReference; lastKnownFileType = image.png; path = "UITitlebarBG@2x.png"; sourceTree = "<group>"; };
		5B6C5F352BC07CD700311C0D /* UIToolbarBG.png */ = {isa = PBXFileReference; lastKnownFileType = image.png; path = UIToolbarBG.png; sourceTree = "<group>"; };
		5B6C5F362BC07CD700311C0D /* UIToolbarBG@2x.png */ = {isa = PBXFileReference; lastKnownFileType = image.png; path = "UIToolbarBG@2x.png"; sourceTree = "<group>"; };
		5B6C5F392BC07CD700311C0D /* WelcomeBanner-iOS7.png */ = {isa = PBXFileReference; lastKnownFileType = image.png; path = "WelcomeBanner-iOS7.png"; sourceTree = "<group>"; };
		5B6C5F562BC07E7A00311C0D /* DarkUITitleBarBG.png */ = {isa = PBXFileReference; lastKnownFileType = image.png; path = DarkUITitleBarBG.png; sourceTree = "<group>"; };
		5B6C5F572BC07E7A00311C0D /* DarkUITitleBarBG@2x.png */ = {isa = PBXFileReference; lastKnownFileType = image.png; path = "DarkUITitleBarBG@2x.png"; sourceTree = "<group>"; };
		5B80C0E22C1753D6007DAFA8 /* WelcomeBanner-iOS5-6.png */ = {isa = PBXFileReference; lastKnownFileType = image.png; path = "WelcomeBanner-iOS5-6.png"; sourceTree = "<group>"; };
		5BBF067D2BC81138004C0FF1 /* SidebarTopLeaderFlat.png */ = {isa = PBXFileReference; lastKnownFileType = image.png; path = SidebarTopLeaderFlat.png; sourceTree = "<group>"; };
		5BBF067E2BC81138004C0FF1 /* SidebarTopLeaderFlat@2x.png */ = {isa = PBXFileReference; lastKnownFileType = image.png; path = "SidebarTopLeaderFlat@2x.png"; sourceTree = "<group>"; };
		5BE551632BC0757B00BD0F70 /* Main.storyboard */ = {isa = PBXFileReference; fileEncoding = 4; lastKnownFileType = file.storyboard; path = Main.storyboard; sourceTree = "<group>"; };
		5BFEABAF2B823AC200032F34 /* TRMalleableFrameView.h */ = {isa = PBXFileReference; fileEncoding = 4; lastKnownFileType = sourcecode.c.h; path = TRMalleableFrameView.h; sourceTree = "<group>"; };
		5BFEABB02B823AC200032F34 /* TRMalleableFrameView.m */ = {isa = PBXFileReference; fileEncoding = 4; lastKnownFileType = sourcecode.c.objc; path = TRMalleableFrameView.m; sourceTree = "<group>"; };
/* End PBXFileReference section */

/* Begin PBXFrameworksBuildPhase section */
		5B0A930A2B820AC7003FBE13 /* Frameworks */ = {
			isa = PBXFrameworksBuildPhase;
			buildActionMask = 2147483647;
			files = (
				5B0A93132B820AC7003FBE13 /* CoreGraphics.framework in Frameworks */,
				5B0A93152B820AC7003FBE13 /* UIKit.framework in Frameworks */,
				5B0A93112B820AC7003FBE13 /* Foundation.framework in Frameworks */,
			);
			runOnlyForDeploymentPostprocessing = 0;
		};
		5B0A932B2B820AC8003FBE13 /* Frameworks */ = {
			isa = PBXFrameworksBuildPhase;
			buildActionMask = 2147483647;
			files = (
				5B0A93302B820AC8003FBE13 /* XCTest.framework in Frameworks */,
				5B0A93322B820AC8003FBE13 /* UIKit.framework in Frameworks */,
				5B0A93312B820AC8003FBE13 /* Foundation.framework in Frameworks */,
			);
			runOnlyForDeploymentPostprocessing = 0;
		};
/* End PBXFrameworksBuildPhase section */

/* Begin PBXGroup section */
		5B0A93042B820AC7003FBE13 = {
			isa = PBXGroup;
			children = (
				5B0A93162B820AC7003FBE13 /* Calcium */,
				5B0A93352B820AC8003FBE13 /* CalciumTests */,
				5B0A930F2B820AC7003FBE13 /* Frameworks */,
				5B0A930E2B820AC7003FBE13 /* Products */,
			);
			sourceTree = "<group>";
		};
		5B0A930E2B820AC7003FBE13 /* Products */ = {
			isa = PBXGroup;
			children = (
				5B0A930D2B820AC7003FBE13 /* Calcium.app */,
				5B0A932E2B820AC8003FBE13 /* CalciumTests.xctest */,
			);
			name = Products;
			sourceTree = "<group>";
		};
		5B0A930F2B820AC7003FBE13 /* Frameworks */ = {
			isa = PBXGroup;
			children = (
				5B0A93102B820AC7003FBE13 /* Foundation.framework */,
				5B0A93122B820AC7003FBE13 /* CoreGraphics.framework */,
				5B0A93142B820AC7003FBE13 /* UIKit.framework */,
				5B0A932F2B820AC8003FBE13 /* XCTest.framework */,
			);
			name = Frameworks;
			sourceTree = "<group>";
		};
		5B0A93162B820AC7003FBE13 /* Calcium */ = {
			isa = PBXGroup;
			children = (
				5B0A93512B820C4C003FBE13 /* Libraries */,
				5B0A934C2B820B8F003FBE13 /* Classes */,
				5B0A93452B820B86003FBE13 /* Assets */,
				5B0A93172B820AC7003FBE13 /* Supporting Files */,
			);
			path = Calcium;
			sourceTree = "<group>";
		};
		5B0A93172B820AC7003FBE13 /* Supporting Files */ = {
			isa = PBXGroup;
			children = (
				5B0A93182B820AC7003FBE13 /* Calcium-Info.plist */,
				5B0A93192B820AC7003FBE13 /* InfoPlist.strings */,
				5B0A931C2B820AC7003FBE13 /* main.m */,
				5B0A931E2B820AC7003FBE13 /* Calcium-Prefix.pch */,
			);
			name = "Supporting Files";
			sourceTree = "<group>";
		};
		5B0A93352B820AC8003FBE13 /* CalciumTests */ = {
			isa = PBXGroup;
			children = (
				5B0A933B2B820AC8003FBE13 /* CalciumTests.m */,
				5B0A93362B820AC8003FBE13 /* Supporting Files */,
			);
			path = CalciumTests;
			sourceTree = "<group>";
		};
		5B0A93362B820AC8003FBE13 /* Supporting Files */ = {
			isa = PBXGroup;
			children = (
				5B0A93372B820AC8003FBE13 /* CalciumTests-Info.plist */,
				5B0A93382B820AC8003FBE13 /* InfoPlist.strings */,
			);
			name = "Supporting Files";
			sourceTree = "<group>";
		};
		5B0A93452B820B86003FBE13 /* Assets */ = {
			isa = PBXGroup;
			children = (
				5B6C5F1A2BC07CD700311C0D /* Images */,
				5BE551622BC0757B00BD0F70 /* UI */,
				5B68CB512B82282E000A42AC /* Bundles */,
				5B0A93462B820B86003FBE13 /* Catalog */,
			);
			path = Assets;
			sourceTree = "<group>";
		};
		5B0A93462B820B86003FBE13 /* Catalog */ = {
			isa = PBXGroup;
			children = (
				5B0A93472B820B86003FBE13 /* Images.xcassets */,
			);
			path = Catalog;
			sourceTree = "<group>";
		};
		5B0A934C2B820B8F003FBE13 /* Classes */ = {
			isa = PBXGroup;
			children = (
				5B0A93662B820CF7003FBE13 /* Chat View */,
				5B64BA022BE9282A00AA4799 /* Networking */,
				5B64B9EE2BE927F200AA4799 /* Unimportant Structures */,
				5B0A93622B820C93003FBE13 /* Sidebar */,
				5B0A934D2B820B8F003FBE13 /* Delegates */,
			);
			path = Classes;
			sourceTree = "<group>";
		};
		5B0A934D2B820B8F003FBE13 /* Delegates */ = {
			isa = PBXGroup;
			children = (
				5B0A934E2B820B8F003FBE13 /* AppDelegate.h */,
				5B0A934F2B820B8F003FBE13 /* AppDelegate.m */,
			);
			path = Delegates;
			sourceTree = "<group>";
		};
		5B0A93512B820C4C003FBE13 /* Libraries */ = {
			isa = PBXGroup;
			children = (
				5B68AEF92BEA9D8A0068E7E8 /* UIImage+Utils */,
				5B68AEF52BEA9D7A0068E7E8 /* Base64 */,
				5B2820522BEA51670054D998 /* BButton */,
				5BFEABAE2B823AA900032F34 /* TRMalleableFrameView */,
				5B0A936A2B82101D003FBE13 /* BubbleView */,
				5B0A93522B820C4C003FBE13 /* APLSlideMenu */,
				5B0A93572B820C4C003FBE13 /* SVProgressHUD */,
			);
			path = Libraries;
			sourceTree = "<group>";
		};
		5B0A93522B820C4C003FBE13 /* APLSlideMenu */ = {
			isa = PBXGroup;
			children = (
				5B0A93532B820C4C003FBE13 /* APLSlideMenuSegue.h */,
				5B0A93542B820C4C003FBE13 /* APLSlideMenuSegue.m */,
				5B0A93552B820C4C003FBE13 /* APLSlideMenuViewController.h */,
				5B0A93562B820C4C003FBE13 /* APLSlideMenuViewController.m */,
			);
			path = APLSlideMenu;
			sourceTree = "<group>";
		};
		5B0A93572B820C4C003FBE13 /* SVProgressHUD */ = {
			isa = PBXGroup;
			children = (
				5B0A93582B820C4C003FBE13 /* SVProgressHUD-15e9190d.o.tmp */,
				5B0A93592B820C4C003FBE13 /* SVProgressHUD-Prefix.pch */,
				5B0A935B2B820C4C003FBE13 /* SVProgressHUD.h */,
				5B0A935C2B820C4C003FBE13 /* SVProgressHUD.m */,
			);
			path = SVProgressHUD;
			sourceTree = "<group>";
		};
		5B0A93622B820C93003FBE13 /* Sidebar */ = {
			isa = PBXGroup;
			children = (
				5B0A93632B820CB1003FBE13 /* CaSidebarMainViewController.h */,
				5B0A93642B820CB1003FBE13 /* CaSidebarMainViewController.m */,
			);
			path = Sidebar;
			sourceTree = "<group>";
		};
		5B0A93662B820CF7003FBE13 /* Chat View */ = {
			isa = PBXGroup;
			children = (
				5B0A93672B820D0A003FBE13 /* CaChatViewController.h */,
				5B0A93682B820D0A003FBE13 /* CaChatViewController.m */,
			);
			path = "Chat View";
			sourceTree = "<group>";
		};
		5B0A936A2B82101D003FBE13 /* BubbleView */ = {
			isa = PBXGroup;
			children = (
				5B0A936B2B82101D003FBE13 /* images */,
				5B0A93762B82101D003FBE13 /* NSBubbleData.h */,
				5B0A93772B82101D003FBE13 /* NSBubbleData.m */,
				5B0A93782B82101D003FBE13 /* UIBubbleHeaderTableViewCell.h */,
				5B0A93792B82101D003FBE13 /* UIBubbleHeaderTableViewCell.m */,
				5B0A937A2B82101D003FBE13 /* UIBubbleTableView.h */,
				5B0A937B2B82101D003FBE13 /* UIBubbleTableView.m */,
				5B0A937C2B82101D003FBE13 /* UIBubbleTableViewCell.h */,
				5B0A937D2B82101D003FBE13 /* UIBubbleTableViewCell.m */,
				5B0A937E2B82101D003FBE13 /* UIBubbleTableViewDataSource.h */,
				5B0A93802B82101D003FBE13 /* UIBubbleTypingTableViewCell.h */,
				5B0A93812B82101D003FBE13 /* UIBubbleTypingTableViewCell.m */,
			);
			path = BubbleView;
			sourceTree = "<group>";
		};
		5B0A936B2B82101D003FBE13 /* images */ = {
			isa = PBXGroup;
			children = (
				5B0A936C2B82101D003FBE13 /* bubbleMine.png */,
				5B0A936D2B82101D003FBE13 /* bubbleMine@2x.png */,
				5B0A936E2B82101D003FBE13 /* bubbleSomeone.png */,
				5B0A936F2B82101D003FBE13 /* bubbleSomeone@2x.png */,
				5B0A93702B82101D003FBE13 /* missingAvatar.png */,
				5B0A93712B82101D003FBE13 /* missingAvatar@2x.png */,
				5B0A93722B82101D003FBE13 /* typingMine.png */,
				5B0A93732B82101D003FBE13 /* typingMine@2x.png */,
				5B0A93742B82101D003FBE13 /* typingSomeone.png */,
				5B0A93752B82101D003FBE13 /* typingSomeone@2x.png */,
			);
			path = images;
			sourceTree = "<group>";
		};
		5B2820522BEA51670054D998 /* BButton */ = {
			isa = PBXGroup;
			children = (
				5B2820532BEA51670054D998 /* BButton.h */,
				5B2820542BEA51670054D998 /* BButton.m */,
				5B2820552BEA51670054D998 /* NSString+FontAwesome.h */,
				5B2820562BEA51670054D998 /* NSString+FontAwesome.m */,
				5B2820572BEA51670054D998 /* resources */,
				5B2820592BEA51670054D998 /* UIColor+BButton.h */,
				5B28205A2BEA51670054D998 /* UIColor+BButton.m */,
			);
			path = BButton;
			sourceTree = "<group>";
		};
		5B2820572BEA51670054D998 /* resources */ = {
			isa = PBXGroup;
			children = (
				5B2820582BEA51670054D998 /* FontAwesome.ttf */,
			);
			path = resources;
			sourceTree = "<group>";
		};
		5B64B9EE2BE927F200AA4799 /* Unimportant Structures */ = {
			isa = PBXGroup;
			children = (
				5B64B9F92BE9281A00AA4799 /* About */,
				5B64B9F02BE9281500AA4799 /* Welcome */,
				5B64B9EF2BE927F200AA4799 /* Guide */,
			);
			path = "Unimportant Structures";
			sourceTree = "<group>";
		};
		5B64B9EF2BE927F200AA4799 /* Guide */ = {
			isa = PBXGroup;
			children = (
				5B64BA072BE928A500AA4799 /* iOS 6 */,
				5B64BA082BE928A500AA4799 /* iOS 7 */,
			);
			path = Guide;
			sourceTree = "<group>";
		};
		5B64B9F02BE9281500AA4799 /* Welcome */ = {
			isa = PBXGroup;
			children = (
				5B64B9F12BE9281500AA4799 /* iOS 6 */,
				5B64B9F42BE9281500AA4799 /* iOS 7 */,
			);
			path = Welcome;
			sourceTree = "<group>";
		};
		5B64B9F12BE9281500AA4799 /* iOS 6 */ = {
			isa = PBXGroup;
			children = (
				5B64B9F22BE9281500AA4799 /* CaWelcomeViewController.h */,
				5B64B9F32BE9281500AA4799 /* CaWelcomeViewController.m */,
			);
			path = "iOS 6";
			sourceTree = "<group>";
		};
		5B64B9F42BE9281500AA4799 /* iOS 7 */ = {
			isa = PBXGroup;
			children = (
				5B64B9F52BE9281500AA4799 /* CaWelcomeViewController-iOS7.h */,
				5B64B9F62BE9281500AA4799 /* CaWelcomeViewController-iOS7.m */,
			);
			path = "iOS 7";
			sourceTree = "<group>";
		};
		5B64B9F92BE9281A00AA4799 /* About */ = {
			isa = PBXGroup;
			children = (
				5B64B9FA2BE9281A00AA4799 /* iOS 6 */,
				5B64B9FD2BE9281A00AA4799 /* iOS 7 */,
			);
			path = About;
			sourceTree = "<group>";
		};
		5B64B9FA2BE9281A00AA4799 /* iOS 6 */ = {
			isa = PBXGroup;
			children = (
				5B64B9FB2BE9281A00AA4799 /* CaAboutPageController.h */,
				5B64B9FC2BE9281A00AA4799 /* CaAboutPageController.m */,
			);
			path = "iOS 6";
			sourceTree = "<group>";
		};
		5B64B9FD2BE9281A00AA4799 /* iOS 7 */ = {
			isa = PBXGroup;
			children = (
				5B64B9FE2BE9281A00AA4799 /* CaAboutPageController-iOS7.h */,
				5B64B9FF2BE9281A00AA4799 /* CaAboutPageController-iOS7.m */,
			);
			path = "iOS 7";
			sourceTree = "<group>";
		};
		5B64BA022BE9282A00AA4799 /* Networking */ = {
			isa = PBXGroup;
			children = (
				5B64BA032BE9283A00AA4799 /* RequestFactory */,
			);
			path = Networking;
			sourceTree = "<group>";
		};
		5B64BA032BE9283A00AA4799 /* RequestFactory */ = {
			isa = PBXGroup;
			children = (
				5B64BA042BE9283A00AA4799 /* CaRequestFactory.h */,
				5B64BA052BE9283A00AA4799 /* CaRequestFactory.m */,
			);
			path = RequestFactory;
			sourceTree = "<group>";
		};
		5B64BA072BE928A500AA4799 /* iOS 6 */ = {
			isa = PBXGroup;
			children = (
				5B64BA092BE928B300AA4799 /* CaGuideController.h */,
				5B64BA0A2BE928B300AA4799 /* CaGuideController.m */,
			);
			path = "iOS 6";
			sourceTree = "<group>";
		};
		5B64BA082BE928A500AA4799 /* iOS 7 */ = {
			isa = PBXGroup;
			children = (
				5B09643A2C284636003FDF15 /* CaGuideController-iOS7.h */,
				5B09643B2C284636003FDF15 /* CaGuideController-iOS7.m */,
			);
			path = "iOS 7";
			sourceTree = "<group>";
		};
		5B68AEF52BEA9D7A0068E7E8 /* Base64 */ = {
			isa = PBXGroup;
			children = (
				5B68AEF62BEA9D7A0068E7E8 /* Base64.h */,
				5B68AEF72BEA9D7A0068E7E8 /* Base64.m */,
			);
			path = Base64;
			sourceTree = "<group>";
		};
		5B68AEF92BEA9D8A0068E7E8 /* UIImage+Utils */ = {
			isa = PBXGroup;
			children = (
				5B68AEFA2BEA9D8A0068E7E8 /* UIImage+Utils.h */,
				5B68AEFB2BEA9D8A0068E7E8 /* UIImage+Utils.m */,
			);
			path = "UIImage+Utils";
			sourceTree = "<group>";
		};
		5B68CB512B82282E000A42AC /* Bundles */ = {
			isa = PBXGroup;
			children = (
				5B0A935A2B820C4C003FBE13 /* SVProgressHUD.bundle */,
				5B68CB522B822835000A42AC /* Settings.bundle */,
			);
			path = Bundles;
			sourceTree = "<group>";
		};
		5B6C5F1A2BC07CD700311C0D /* Images */ = {
			isa = PBXGroup;
			children = (
				5B6C5F1B2BC07CD700311C0D /* About */,
				5B6C5F232BC07CD700311C0D /* BarButton Images */,
				5B6C5F2A2BC07CD700311C0D /* Sidebar resources */,
				5B6C5F312BC07CD700311C0D /* Titlebar */,
				5B6C5F342BC07CD700311C0D /* Toolbar */,
				5B6C5F372BC07CD700311C0D /* Welcome+Guide */,
			);
			path = Images;
			sourceTree = "<group>";
		};
		5B6C5F1B2BC07CD700311C0D /* About */ = {
			isa = PBXGroup;
			children = (
				5B6C5F1C2BC07CD700311C0D /* iOS 6 */,
			);
			path = About;
			sourceTree = "<group>";
		};
		5B6C5F1C2BC07CD700311C0D /* iOS 6 */ = {
			isa = PBXGroup;
			children = (
				5B6C5F552BC07E7300311C0D /* UITitlebarBG */,
				5B6C5F1D2BC07CD700311C0D /* LeaderCellBackground */,
				5B6C5F1F2BC07CD700311C0D /* TableView_BackgroundImages */,
			);
			path = "iOS 6";
			sourceTree = "<group>";
		};
		5B6C5F1D2BC07CD700311C0D /* LeaderCellBackground */ = {
			isa = PBXGroup;
			children = (
				5B2820682BEA59B30054D998 /* BagBaseplate.png */,
				5B2820692BEA59B30054D998 /* ElectiBaseplate.png */,
				5B6C5F1E2BC07CD700311C0D /* LCellBG@2x.png */,
			);
			path = LeaderCellBackground;
			sourceTree = "<group>";
		};
		5B6C5F1F2BC07CD700311C0D /* TableView_BackgroundImages */ = {
			isa = PBXGroup;
			children = (
				5B6C5F202BC07CD700311C0D /* AboutTableBG.png */,
				5B6C5F212BC07CD700311C0D /* AboutTableBG@2x.png */,
				5B6C5F222BC07CD700311C0D /* AboutTableBG@R4.png */,
			);
			path = TableView_BackgroundImages;
			sourceTree = "<group>";
		};
		5B6C5F232BC07CD700311C0D /* BarButton Images */ = {
			isa = PBXGroup;
			children = (
				5BB331DA2C10592200A97912 /* BG Masks */,
				5B6C5F242BC07CD700311C0D /* hamburger.png */,
				5B6C5F262BC07CD700311C0D /* PictureModeGlyph.png */,
				5B6C5F272BC07CD700311C0D /* PictureModeGlyph@2x.png */,
				5B6C5F282BC07CD700311C0D /* Send.png */,
				5B6C5F292BC07CD700311C0D /* Send@2x.png */,
			);
			path = "BarButton Images";
			sourceTree = "<group>";
		};
		5B6C5F2A2BC07CD700311C0D /* Sidebar resources */ = {
			isa = PBXGroup;
			children = (
				5B64B9EC2BE923D200AA4799 /* TrashButton.png */,
				5BBF067C2BC81138004C0FF1 /* iOS 7 */,
				5B6C5F2B2BC07CD700311C0D /* GuideButton.png */,
				5B6C5F2C2BC07CD700311C0D /* HelpButton.png */,
				5B6C5F2E2BC07CD700311C0D /* PHPref.png */,
				5B6C5F2F2BC07CD700311C0D /* SidebarTopLeader.png */,
				5B6C5F302BC07CD700311C0D /* SidebarTopLeader@2x.png */,
			);
			path = "Sidebar resources";
			sourceTree = "<group>";
		};
		5B6C5F312BC07CD700311C0D /* Titlebar */ = {
			isa = PBXGroup;
			children = (
				5B6C5F252BC07CD700311C0D /* hamburger@2x.png */,
				5B2820642BEA57A10054D998 /* DarkUITitleBarBG.png */,
				5B2820652BEA57A10054D998 /* DarkUITitleBarBG@2x.png */,
				5B2820622BEA56F80054D998 /* UITitleBarBG.png */,
				5B6C5F332BC07CD700311C0D /* UITitlebarBG@2x.png */,
			);
			path = Titlebar;
			sourceTree = "<group>";
		};
		5B6C5F342BC07CD700311C0D /* Toolbar */ = {
			isa = PBXGroup;
			children = (
				5B6C5F352BC07CD700311C0D /* UIToolbarBG.png */,
				5B6C5F362BC07CD700311C0D /* UIToolbarBG@2x.png */,
			);
			path = Toolbar;
			sourceTree = "<group>";
		};
		5B6C5F372BC07CD700311C0D /* Welcome+Guide */ = {
			isa = PBXGroup;
			children = (
				5B80C0E22C1753D6007DAFA8 /* WelcomeBanner-iOS5-6.png */,
				5B6C5F392BC07CD700311C0D /* WelcomeBanner-iOS7.png */,
			);
			path = "Welcome+Guide";
			sourceTree = "<group>";
		};
		5B6C5F552BC07E7300311C0D /* UITitlebarBG */ = {
			isa = PBXGroup;
			children = (
				5B6C5F562BC07E7A00311C0D /* DarkUITitleBarBG.png */,
				5B6C5F572BC07E7A00311C0D /* DarkUITitleBarBG@2x.png */,
			);
			path = UITitlebarBG;
			sourceTree = "<group>";
		};
		5BB331DA2C10592200A97912 /* BG Masks */ = {
			isa = PBXGroup;
			children = (
				5B2795072C1258AF0094DFD9 /* BarButton.png */,
				5B2795082C1258AF0094DFD9 /* BarButton@2x.png */,
				5B2795092C1258AF0094DFD9 /* BarButtonPressed.png */,
				5B27950A2C1258AF0094DFD9 /* BarButtonPressed@2x.png */,
			);
			path = "BG Masks";
			sourceTree = "<group>";
		};
		5BBF067C2BC81138004C0FF1 /* iOS 7 */ = {
			isa = PBXGroup;
			children = (
				5B2696502BC85C7B000FA95F /* flatContact.png */,
				5B2696512BC85C7B000FA95F /* flatGuide.png */,
				5B26964E2BC84F28000FA95F /* flatGear.png */,
				5BBF067D2BC81138004C0FF1 /* SidebarTopLeaderFlat.png */,
				5BBF067E2BC81138004C0FF1 /* SidebarTopLeaderFlat@2x.png */,
			);
			path = "iOS 7";
			sourceTree = "<group>";
		};
		5BE551622BC0757B00BD0F70 /* UI */ = {
			isa = PBXGroup;
			children = (
				5BE551632BC0757B00BD0F70 /* Main.storyboard */,
			);
			path = UI;
			sourceTree = "<group>";
		};
		5BFEABAE2B823AA900032F34 /* TRMalleableFrameView */ = {
			isa = PBXGroup;
			children = (
				5BFEABAF2B823AC200032F34 /* TRMalleableFrameView.h */,
				5BFEABB02B823AC200032F34 /* TRMalleableFrameView.m */,
			);
			path = TRMalleableFrameView;
			sourceTree = "<group>";
		};
/* End PBXGroup section */

/* Begin PBXNativeTarget section */
		5B0A930C2B820AC7003FBE13 /* Calcium */ = {
			isa = PBXNativeTarget;
			buildConfigurationList = 5B0A933F2B820AC8003FBE13 /* Build configuration list for PBXNativeTarget "Calcium" */;
			buildPhases = (
				5B0A93092B820AC7003FBE13 /* Sources */,
				5B0A930A2B820AC7003FBE13 /* Frameworks */,
				5B0A930B2B820AC7003FBE13 /* Resources */,
			);
			buildRules = (
			);
			dependencies = (
			);
			name = Calcium;
			productName = Calcium;
			productReference = 5B0A930D2B820AC7003FBE13 /* Calcium.app */;
			productType = "com.apple.product-type.application";
		};
		5B0A932D2B820AC8003FBE13 /* CalciumTests */ = {
			isa = PBXNativeTarget;
			buildConfigurationList = 5B0A93422B820AC8003FBE13 /* Build configuration list for PBXNativeTarget "CalciumTests" */;
			buildPhases = (
				5B0A932A2B820AC8003FBE13 /* Sources */,
				5B0A932B2B820AC8003FBE13 /* Frameworks */,
				5B0A932C2B820AC8003FBE13 /* Resources */,
			);
			buildRules = (
			);
			dependencies = (
				5B0A93342B820AC8003FBE13 /* PBXTargetDependency */,
			);
			name = CalciumTests;
			productName = CalciumTests;
			productReference = 5B0A932E2B820AC8003FBE13 /* CalciumTests.xctest */;
			productType = "com.apple.product-type.bundle.unit-test";
		};
/* End PBXNativeTarget section */

/* Begin PBXProject section */
		5B0A93052B820AC7003FBE13 /* Project object */ = {
			isa = PBXProject;
			attributes = {
				CLASSPREFIX = Ca;
				LastUpgradeCheck = 0510;
				ORGANIZATIONNAME = "Mali 357";
			};
			buildConfigurationList = 5B0A93082B820AC7003FBE13 /* Build configuration list for PBXProject "Calcium" */;
			compatibilityVersion = "Xcode 3.2";
			developmentRegion = English;
			hasScannedForEncodings = 0;
			knownRegions = (
				en,
				Base,
				de,
			);
			mainGroup = 5B0A93042B820AC7003FBE13;
			productRefGroup = 5B0A930E2B820AC7003FBE13 /* Products */;
			projectDirPath = "";
			projectRoot = "";
			targets = (
				5B0A930C2B820AC7003FBE13 /* Calcium */,
				5B0A932D2B820AC8003FBE13 /* CalciumTests */,
			);
		};
/* End PBXProject section */

/* Begin PBXResourcesBuildPhase section */
		5B0A930B2B820AC7003FBE13 /* Resources */ = {
			isa = PBXResourcesBuildPhase;
			buildActionMask = 2147483647;
			files = (
				5B6C5F3F2BC07CD700311C0D /* hamburger@2x.png in Resources */,
				5B0A93602B820C4C003FBE13 /* SVProgressHUD.bundle in Resources */,
				5B64B9ED2BE923D200AA4799 /* TrashButton.png in Resources */,
				5B6C5F3E2BC07CD700311C0D /* hamburger.png in Resources */,
				5B0A93872B82101D003FBE13 /* missingAvatar@2x.png in Resources */,
				5B0A93862B82101D003FBE13 /* missingAvatar.png in Resources */,
				5B2820632BEA56F80054D998 /* UITitleBarBG.png in Resources */,
				5B2820662BEA57A10054D998 /* DarkUITitleBarBG.png in Resources */,
				5B0A93832B82101D003FBE13 /* bubbleMine@2x.png in Resources */,
				5B28206B2BEA59B30054D998 /* ElectiBaseplate.png in Resources */,
				5B0A93882B82101D003FBE13 /* typingMine.png in Resources */,
				5B6C5F3B2BC07CD700311C0D /* AboutTableBG.png in Resources */,
				5BE551642BC0757B00BD0F70 /* Main.storyboard in Resources */,
				5B6C5F412BC07CD700311C0D /* PictureModeGlyph@2x.png in Resources */,
				5B6C5F402BC07CD700311C0D /* PictureModeGlyph.png in Resources */,
				5B80C0E32C1753D6007DAFA8 /* WelcomeBanner-iOS5-6.png in Resources */,
				5B6C5F3A2BC07CD700311C0D /* LCellBG@2x.png in Resources */,
				5B28206A2BEA59B30054D998 /* BagBaseplate.png in Resources */,
				5B6C5F422BC07CD700311C0D /* Send.png in Resources */,
				5B6C5F442BC07CD700311C0D /* GuideButton.png in Resources */,
				5B6C5F492BC07CD700311C0D /* SidebarTopLeader@2x.png in Resources */,
				5BBF067F2BC81138004C0FF1 /* SidebarTopLeaderFlat.png in Resources */,
				5B0A93852B82101D003FBE13 /* bubbleSomeone@2x.png in Resources */,
				5B6C5F432BC07CD700311C0D /* Send@2x.png in Resources */,
				5B6C5F3C2BC07CD700311C0D /* AboutTableBG@2x.png in Resources */,
				5B0A93822B82101D003FBE13 /* bubbleMine.png in Resources */,
				5B27950C2C1258B00094DFD9 /* BarButton@2x.png in Resources */,
				5BBF06802BC81138004C0FF1 /* SidebarTopLeaderFlat@2x.png in Resources */,
				5B6C5F592BC07E7A00311C0D /* DarkUITitleBarBG@2x.png in Resources */,
				5B6C5F452BC07CD700311C0D /* HelpButton.png in Resources */,
				5B68CB532B822835000A42AC /* Settings.bundle in Resources */,
				5B6C5F4D2BC07CD700311C0D /* UIToolbarBG@2x.png in Resources */,
				5B6C5F472BC07CD700311C0D /* PHPref.png in Resources */,
				5B26964F2BC84F28000FA95F /* flatGear.png in Resources */,
				5B0A931B2B820AC7003FBE13 /* InfoPlist.strings in Resources */,
				5B27950D2C1258B00094DFD9 /* BarButtonPressed.png in Resources */,
				5B0A935F2B820C4C003FBE13 /* SVProgressHUD-15e9190d.o.tmp in Resources */,
				5B0A938B2B82101D003FBE13 /* typingSomeone@2x.png in Resources */,
				5B0A93892B82101D003FBE13 /* typingMine@2x.png in Resources */,
				5B6C5F582BC07E7A00311C0D /* DarkUITitleBarBG.png in Resources */,
				5B2820672BEA57A10054D998 /* DarkUITitleBarBG@2x.png in Resources */,
				5B6C5F3D2BC07CD700311C0D /* AboutTableBG@R4.png in Resources */,
				5B6C5F4B2BC07CD700311C0D /* UITitlebarBG@2x.png in Resources */,
				5B27950E2C1258B00094DFD9 /* BarButtonPressed@2x.png in Resources */,
				5B27950B2C1258B00094DFD9 /* BarButton.png in Resources */,
				5B2696522BC85C7B000FA95F /* flatContact.png in Resources */,
				5B6C5F4F2BC07CD700311C0D /* WelcomeBanner-iOS7.png in Resources */,
				5B0A93842B82101D003FBE13 /* bubbleSomeone.png in Resources */,
				5B6C5F482BC07CD700311C0D /* SidebarTopLeader.png in Resources */,
				5B28205D2BEA51670054D998 /* FontAwesome.ttf in Resources */,
				5B0A934A2B820B86003FBE13 /* Images.xcassets in Resources */,
				5B0A938A2B82101D003FBE13 /* typingSomeone.png in Resources */,
				5B6C5F4C2BC07CD700311C0D /* UIToolbarBG.png in Resources */,
				5B2696532BC85C7B000FA95F /* flatGuide.png in Resources */,
			);
			runOnlyForDeploymentPostprocessing = 0;
		};
		5B0A932C2B820AC8003FBE13 /* Resources */ = {
			isa = PBXResourcesBuildPhase;
			buildActionMask = 2147483647;
			files = (
				5B0A933A2B820AC8003FBE13 /* InfoPlist.strings in Resources */,
			);
			runOnlyForDeploymentPostprocessing = 0;
		};
/* End PBXResourcesBuildPhase section */

/* Begin PBXSourcesBuildPhase section */
		5B0A93092B820AC7003FBE13 /* Sources */ = {
			isa = PBXSourcesBuildPhase;
			buildActionMask = 2147483647;
			files = (
				5B64BA062BE9283A00AA4799 /* CaRequestFactory.m in Sources */,
				5B64BA012BE9281A00AA4799 /* CaAboutPageController-iOS7.m in Sources */,
				5B0A938C2B82101D003FBE13 /* NSBubbleData.m in Sources */,
				5B0A93692B820D0A003FBE13 /* CaChatViewController.m in Sources */,
				5B0A938F2B82101D003FBE13 /* UIBubbleTableViewCell.m in Sources */,
				5B0A93502B820B8F003FBE13 /* AppDelegate.m in Sources */,
				5B0A93902B82101D003FBE13 /* UIBubbleTypingTableViewCell.m in Sources */,
				5BFEABB12B823AC200032F34 /* TRMalleableFrameView.m in Sources */,
				5B09643C2C284636003FDF15 /* CaGuideController-iOS7.m in Sources */,
				5B68AEF82BEA9D7A0068E7E8 /* Base64.m in Sources */,
				5B64B9F82BE9281500AA4799 /* CaWelcomeViewController-iOS7.m in Sources */,
				5B0A935E2B820C4C003FBE13 /* APLSlideMenuViewController.m in Sources */,
				5B28205B2BEA51670054D998 /* BButton.m in Sources */,
				5B0A93652B820CB1003FBE13 /* CaSidebarMainViewController.m in Sources */,
				5B0A93612B820C4C003FBE13 /* SVProgressHUD.m in Sources */,
				5B0A938D2B82101D003FBE13 /* UIBubbleHeaderTableViewCell.m in Sources */,
				5B68AEFC2BEA9D8A0068E7E8 /* UIImage+Utils.m in Sources */,
				5B28205E2BEA51670054D998 /* UIColor+BButton.m in Sources */,
				5B28205C2BEA51670054D998 /* NSString+FontAwesome.m in Sources */,
				5B64B9F72BE9281500AA4799 /* CaWelcomeViewController.m in Sources */,
				5B0A935D2B820C4C003FBE13 /* APLSlideMenuSegue.m in Sources */,
				5B64BA0B2BE928B300AA4799 /* CaGuideController.m in Sources */,
				5B64BA002BE9281A00AA4799 /* CaAboutPageController.m in Sources */,
				5B0A931D2B820AC7003FBE13 /* main.m in Sources */,
				5B0A938E2B82101D003FBE13 /* UIBubbleTableView.m in Sources */,
			);
			runOnlyForDeploymentPostprocessing = 0;
		};
		5B0A932A2B820AC8003FBE13 /* Sources */ = {
			isa = PBXSourcesBuildPhase;
			buildActionMask = 2147483647;
			files = (
				5B0A933C2B820AC8003FBE13 /* CalciumTests.m in Sources */,
			);
			runOnlyForDeploymentPostprocessing = 0;
		};
/* End PBXSourcesBuildPhase section */

/* Begin PBXTargetDependency section */
		5B0A93342B820AC8003FBE13 /* PBXTargetDependency */ = {
			isa = PBXTargetDependency;
			target = 5B0A930C2B820AC7003FBE13 /* Calcium */;
			targetProxy = 5B0A93332B820AC8003FBE13 /* PBXContainerItemProxy */;
		};
/* End PBXTargetDependency section */

/* Begin PBXVariantGroup section */
		5B0A93192B820AC7003FBE13 /* InfoPlist.strings */ = {
			isa = PBXVariantGroup;
			children = (
				5B0A931A2B820AC7003FBE13 /* en */,
				5B1D4A362BC06DC00066E92D /* de */,
			);
			name = InfoPlist.strings;
			sourceTree = "<group>";
		};
		5B0A93382B820AC8003FBE13 /* InfoPlist.strings */ = {
			isa = PBXVariantGroup;
			children = (
				5B0A93392B820AC8003FBE13 /* en */,
				5B1D4A372BC06DC00066E92D /* de */,
			);
			name = InfoPlist.strings;
			sourceTree = "<group>";
		};
/* End PBXVariantGroup section */

/* Begin XCBuildConfiguration section */
		5B0A933D2B820AC8003FBE13 /* Debug */ = {
			isa = XCBuildConfiguration;
			buildSettings = {
				ALWAYS_SEARCH_USER_PATHS = NO;
				CLANG_CXX_LANGUAGE_STANDARD = "gnu++0x";
				CLANG_CXX_LIBRARY = "libc++";
				CLANG_ENABLE_MODULES = YES;
				CLANG_ENABLE_OBJC_ARC = YES;
				CLANG_WARN_BOOL_CONVERSION = YES;
				CLANG_WARN_CONSTANT_CONVERSION = YES;
				CLANG_WARN_DIRECT_OBJC_ISA_USAGE = YES_ERROR;
				CLANG_WARN_EMPTY_BODY = YES;
				CLANG_WARN_ENUM_CONVERSION = YES;
				CLANG_WARN_INT_CONVERSION = YES;
				CLANG_WARN_OBJC_ROOT_CLASS = YES_ERROR;
				CLANG_WARN__DUPLICATE_METHOD_MATCH = YES;
				"CODE_SIGN_IDENTITY[sdk=iphoneos*]" = "iPhone Developer";
				COPY_PHASE_STRIP = NO;
				GCC_C_LANGUAGE_STANDARD = gnu99;
				GCC_DYNAMIC_NO_PIC = NO;
				GCC_OPTIMIZATION_LEVEL = 0;
				GCC_PREPROCESSOR_DEFINITIONS = (
					"DEBUG=1",
					"$(inherited)",
				);
				GCC_SYMBOLS_PRIVATE_EXTERN = NO;
				GCC_WARN_64_TO_32_BIT_CONVERSION = YES;
				GCC_WARN_ABOUT_RETURN_TYPE = YES_ERROR;
				GCC_WARN_UNDECLARED_SELECTOR = YES;
				GCC_WARN_UNINITIALIZED_AUTOS = YES_AGGRESSIVE;
				GCC_WARN_UNUSED_FUNCTION = YES;
				GCC_WARN_UNUSED_VARIABLE = YES;
				IPHONEOS_DEPLOYMENT_TARGET = 5.0;
				ONLY_ACTIVE_ARCH = YES;
				SDKROOT = iphoneos;
			};
			name = Debug;
		};
		5B0A933E2B820AC8003FBE13 /* Release */ = {
			isa = XCBuildConfiguration;
			buildSettings = {
				ALWAYS_SEARCH_USER_PATHS = NO;
				CLANG_CXX_LANGUAGE_STANDARD = "gnu++0x";
				CLANG_CXX_LIBRARY = "libc++";
				CLANG_ENABLE_MODULES = YES;
				CLANG_ENABLE_OBJC_ARC = YES;
				CLANG_WARN_BOOL_CONVERSION = YES;
				CLANG_WARN_CONSTANT_CONVERSION = YES;
				CLANG_WARN_DIRECT_OBJC_ISA_USAGE = YES_ERROR;
				CLANG_WARN_EMPTY_BODY = YES;
				CLANG_WARN_ENUM_CONVERSION = YES;
				CLANG_WARN_INT_CONVERSION = YES;
				CLANG_WARN_OBJC_ROOT_CLASS = YES_ERROR;
				CLANG_WARN__DUPLICATE_METHOD_MATCH = YES;
				"CODE_SIGN_IDENTITY[sdk=iphoneos*]" = "iPhone Developer";
				COPY_PHASE_STRIP = YES;
				ENABLE_NS_ASSERTIONS = NO;
				GCC_C_LANGUAGE_STANDARD = gnu99;
				GCC_WARN_64_TO_32_BIT_CONVERSION = YES;
				GCC_WARN_ABOUT_RETURN_TYPE = YES_ERROR;
				GCC_WARN_UNDECLARED_SELECTOR = YES;
				GCC_WARN_UNINITIALIZED_AUTOS = YES_AGGRESSIVE;
				GCC_WARN_UNUSED_FUNCTION = YES;
				GCC_WARN_UNUSED_VARIABLE = YES;
				IPHONEOS_DEPLOYMENT_TARGET = 5.0;
				SDKROOT = iphoneos;
				VALIDATE_PRODUCT = YES;
			};
			name = Release;
		};
		5B0A93402B820AC8003FBE13 /* Debug */ = {
			isa = XCBuildConfiguration;
			buildSettings = {
				ASSETCATALOG_COMPILER_APPICON_NAME = AppIcon;
				ASSETCATALOG_COMPILER_LAUNCHIMAGE_NAME = LaunchImage;
				GCC_PRECOMPILE_PREFIX_HEADER = YES;
				GCC_PREFIX_HEADER = "Calcium/Calcium-Prefix.pch";
				INFOPLIST_FILE = "Calcium/Calcium-Info.plist";
				IPHONEOS_DEPLOYMENT_TARGET = 6.0;
				ONLY_ACTIVE_ARCH = YES;
				PRODUCT_NAME = "$(TARGET_NAME)";
				TARGETED_DEVICE_FAMILY = "1,2";
				WRAPPER_EXTENSION = app;
			};
			name = Debug;
		};
		5B0A93412B820AC8003FBE13 /* Release */ = {
			isa = XCBuildConfiguration;
			buildSettings = {
				ASSETCATALOG_COMPILER_APPICON_NAME = AppIcon;
				ASSETCATALOG_COMPILER_LAUNCHIMAGE_NAME = LaunchImage;
				GCC_PRECOMPILE_PREFIX_HEADER = YES;
				GCC_PREFIX_HEADER = "Calcium/Calcium-Prefix.pch";
				INFOPLIST_FILE = "Calcium/Calcium-Info.plist";
				IPHONEOS_DEPLOYMENT_TARGET = 6.0;
				ONLY_ACTIVE_ARCH = YES;
				PRODUCT_NAME = "$(TARGET_NAME)";
				TARGETED_DEVICE_FAMILY = "1,2";
				WRAPPER_EXTENSION = app;
			};
			name = Release;
		};
		5B0A93432B820AC8003FBE13 /* Debug */ = {
			isa = XCBuildConfiguration;
			buildSettings = {
				FRAMEWORK_SEARCH_PATHS = (
					"$(SDKROOT)/Developer/Library/Frameworks",
					"$(inherited)",
					"$(DEVELOPER_FRAMEWORKS_DIR)",
				);
				GCC_PRECOMPILE_PREFIX_HEADER = YES;
				GCC_PREFIX_HEADER = "Calcium/Calcium-Prefix.pch";
				GCC_PREPROCESSOR_DEFINITIONS = (
					"DEBUG=1",
					"$(inherited)",
				);
				INFOPLIST_FILE = "CalciumTests/CalciumTests-Info.plist";
				PRODUCT_NAME = "$(TARGET_NAME)";
				WRAPPER_EXTENSION = xctest;
			};
			name = Debug;
		};
		5B0A93442B820AC8003FBE13 /* Release */ = {
			isa = XCBuildConfiguration;
			buildSettings = {
				FRAMEWORK_SEARCH_PATHS = (
					"$(SDKROOT)/Developer/Library/Frameworks",
					"$(inherited)",
					"$(DEVELOPER_FRAMEWORKS_DIR)",
				);
				GCC_PRECOMPILE_PREFIX_HEADER = YES;
				GCC_PREFIX_HEADER = "Calcium/Calcium-Prefix.pch";
				INFOPLIST_FILE = "CalciumTests/CalciumTests-Info.plist";
				PRODUCT_NAME = "$(TARGET_NAME)";
				WRAPPER_EXTENSION = xctest;
			};
			name = Release;
		};
/* End XCBuildConfiguration section */

/* Begin XCConfigurationList section */
		5B0A93082B820AC7003FBE13 /* Build configuration list for PBXProject "Calcium" */ = {
			isa = XCConfigurationList;
			buildConfigurations = (
				5B0A933D2B820AC8003FBE13 /* Debug */,
				5B0A933E2B820AC8003FBE13 /* Release */,
			);
			defaultConfigurationIsVisible = 0;
			defaultConfigurationName = Release;
		};
		5B0A933F2B820AC8003FBE13 /* Build configuration list for PBXNativeTarget "Calcium" */ = {
			isa = XCConfigurationList;
			buildConfigurations = (
				5B0A93402B820AC8003FBE13 /* Debug */,
				5B0A93412B820AC8003FBE13 /* Release */,
			);
			defaultConfigurationIsVisible = 0;
			defaultConfigurationName = Release;
		};
		5B0A93422B820AC8003FBE13 /* Build configuration list for PBXNativeTarget "CalciumTests" */ = {
			isa = XCConfigurationList;
			buildConfigurations = (
				5B0A93432B820AC8003FBE13 /* Debug */,
				5B0A93442B820AC8003FBE13 /* Release */,
			);
			defaultConfigurationIsVisible = 0;
			defaultConfigurationName = Release;
		};
/* End XCConfigurationList section */
	};
	rootObject = 5B0A93052B820AC7003FBE13 /* Project object */;
}
